{
  "name": "os2l",
  "version": "1.0.4",
  "lockfileVersion": 1,
  "requires": true,
  "dependencies": {
    "array-flatten": {
      "version": "2.1.2",
      "resolved": "https://registry.npmjs.org/array-flatten/-/array-flatten-2.1.2.tgz",
      "integrity": "sha512-hNfzcOV8W4NdualtqBFPyVO+54DSJuZGY9qT4pRroB6S9e3iiido2ISIC5h9R2sPJ8H3FHCIiEnsv1lPXO3KtQ=="
    },
    "bonjour": {
      "version": "3.5.0",
      "resolved": "https://registry.npmjs.org/bonjour/-/bonjour-3.5.0.tgz",
      "integrity": "sha1-jokKGD2O6aI5OzhExpGkK897yfU=",
      "requires": {
        "array-flatten": "^2.1.0",
        "deep-equal": "^1.0.1",
        "dns-equal": "^1.0.0",
        "dns-txt": "^2.0.2",
        "multicast-dns": "^6.0.1",
        "multicast-dns-service-types": "^1.1.0"
      }
    },
    "buffer-indexof": {
      "version": "1.1.1",
      "resolved": "https://registry.npmjs.org/buffer-indexof/-/buffer-indexof-1.1.1.tgz",
      "integrity": "sha512-4/rOEg86jivtPTeOUUT61jJO1Ya1TrR/OkqCSZDyq84WJh3LuuiphBYJN+fm5xufIk4XAFcEwte/8WzC8If/1g=="
    },
    "deep-equal": {
      "version": "1.1.1",
      "resolved": "https://registry.npmjs.org/deep-equal/-/deep-equal-1.1.1.tgz",
      "integrity": "sha512-yd9c5AdiqVcR+JjcwUQb9DkhJc8ngNr0MahEBGvDiJw8puWab2yZlh+nkasOnZP+EGTAP6rRp2JzJhJZzvNF8g==",
      "requires": {
        "is-arguments": "^1.0.4",
        "is-date-object": "^1.0.1",
        "is-regex": "^1.0.4",
        "object-is": "^1.0.1",
        "object-keys": "^1.1.1",
        "regexp.prototype.flags": "^1.2.0"
      }
    },
    "define-properties": {
      "version": "1.1.3",
      "resolved": "https://registry.npmjs.org/define-properties/-/define-properties-1.1.3.tgz",
      "integrity": "sha512-3MqfYKj2lLzdMSf8ZIZE/V+Zuy+BgD6f164e8K2w7dgnpKArBDerGYpM46IYYcjnkdPNMjPk9A6VFB8+3SKlXQ==",
      "requires": {
        "object-keys": "^1.0.12"
      }
    },
    "dns-equal": {
      "version": "1.0.0",
      "resolved": "https://registry.npmjs.org/dns-equal/-/dns-equal-1.0.0.tgz",
      "integrity": "sha1-s55/HabrCnW6nBcySzR1PEfgZU0="
    },
    "dns-packet": {
      "version": "1.3.4",
      "resolved": "https://registry.npmjs.org/dns-packet/-/dns-packet-1.3.4.tgz",
      "integrity": "sha512-BQ6F4vycLXBvdrJZ6S3gZewt6rcrks9KBgM9vrhW+knGRqc8uEdT7fuCwloc7nny5xNoMJ17HGH0R/6fpo8ECA==",
      "requires": {
        "ip": "^1.1.0",
        "safe-buffer": "^5.0.1"
      }
    },
    "dns-txt": {
      "version": "2.0.2",
      "resolved": "https://registry.npmjs.org/dns-txt/-/dns-txt-2.0.2.tgz",
      "integrity": "sha1-uR2Ab10nGI5Ks+fRB9iBocxGQrY=",
      "requires": {
        "buffer-indexof": "^1.0.0"
      }
    },
    "function-bind": {
      "version": "1.1.1",
      "resolved": "https://registry.npmjs.org/function-bind/-/function-bind-1.1.1.tgz",
      "integrity": "sha512-yIovAzMX49sF8Yl58fSCWJ5svSLuaibPxXQJFLmBObTuCr0Mf1KiPopGM9NiFjiYBCbfaa2Fh6breQ6ANVTI0A=="
    },
    "has": {
      "version": "1.0.3",
      "resolved": "https://registry.npmjs.org/has/-/has-1.0.3.tgz",
      "integrity": "sha512-f2dvO0VU6Oej7RkWJGrehjbzMAjFp5/VKPp5tTpWIV4JHHZK1/BxbFRtf/siA2SWTe09caDmVtYYzWEIbBS4zw==",
      "requires": {
        "function-bind": "^1.1.1"
      }
    },
    "ip": {
      "version": "1.1.9",
      "resolved": "https://registry.npmjs.org/ip/-/ip-1.1.9.tgz",
      "integrity": "sha512-cyRxvOEpNHNtchU3Ln9KC/auJgup87llfQpQ+t5ghoC/UhL16SWzbueiCsdTnWmqAWl7LadfuwhlqmtOaqMHdQ=="
    },
    "is-arguments": {
      "version": "1.0.4",
      "resolved": "https://registry.npmjs.org/is-arguments/-/is-arguments-1.0.4.tgz",
      "integrity": "sha512-xPh0Rmt8NE65sNzvyUmWgI1tz3mKq74lGA0mL8LYZcoIzKOzDh6HmrYm3d18k60nHerC8A9Km8kYu87zfSFnLA=="
    },
    "is-date-object": {
      "version": "1.0.1",
      "resolved": "https://registry.npmjs.org/is-date-object/-/is-date-object-1.0.1.tgz",
      "integrity": "sha1-mqIOtq7rv/d/vTPnTKAbM1gdOhY="
    },
    "is-regex": {
      "version": "1.0.4",
      "resolved": "https://registry.npmjs.org/is-regex/-/is-regex-1.0.4.tgz",
      "integrity": "sha1-VRdIm1RwkbCTDglWVM7SXul+lJE=",
      "requires": {
        "has": "^1.0.1"
      }
    },
    "multicast-dns": {
      "version": "6.2.3",
      "resolved": "https://registry.npmjs.org/multicast-dns/-/multicast-dns-6.2.3.tgz",
      "integrity": "sha512-ji6J5enbMyGRHIAkAOu3WdV8nggqviKCEKtXcOqfphZZtQrmHKycfynJ2V7eVPUA4NhJ6V7Wf4TmGbTwKE9B6g==",
      "requires": {
        "dns-packet": "^1.3.1",
        "thunky": "^1.0.2"
      }
    },
    "multicast-dns-service-types": {
      "version": "1.1.0",
      "resolved": "https://registry.npmjs.org/multicast-dns-service-types/-/multicast-dns-service-types-1.1.0.tgz",
      "integrity": "sha1-iZ8R2WhuXgXLkbNdXw5jt3PPyQE="
    },
    "object-is": {
      "version": "1.0.1",
      "resolved": "https://registry.npmjs.org/object-is/-/object-is-1.0.1.tgz",
      "integrity": "sha1-CqYOyZiaCz7Xlc9NBvYs8a1lObY="
    },
    "object-keys": {
      "version": "1.1.1",
      "resolved": "https://registry.npmjs.org/object-keys/-/object-keys-1.1.1.tgz",
      "integrity": "sha512-NuAESUOUMrlIXOfHKzD6bpPu3tYt3xvjNdRIQ+FeT0lNb4K8WR70CaDxhuNguS2XG+GjkyMwOzsN5ZktImfhLA=="
    },
    "regexp.prototype.flags": {
      "version": "1.2.0",
      "resolved": "https://registry.npmjs.org/regexp.prototype.flags/-/regexp.prototype.flags-1.2.0.tgz",
      "integrity": "sha512-ztaw4M1VqgMwl9HlPpOuiYgItcHlunW0He2fE6eNfT6E/CF2FtYi9ofOYe4mKntstYk0Fyh/rDRBdS3AnxjlrA==",
      "requires": {
        "define-properties": "^1.1.2"
      }
    },
    "safe-buffer": {
      "version": "5.2.0",
      "resolved": "https://registry.npmjs.org/safe-buffer/-/safe-buffer-5.2.0.tgz",
      "integrity": "sha512-fZEwUGbVl7kouZs1jCdMLdt95hdIv0ZeHg6L7qPeciMZhZ+/gdesW4wgTARkrFWEpspjEATAzUGPG8N2jJiwbg=="
    },
    "thunky": {
      "version": "1.1.0",
      "resolved": "https://registry.npmjs.org/thunky/-/thunky-1.1.0.tgz",
      "integrity": "sha512-eHY7nBftgThBqOyHGVN+l8gF0BucP09fMo0oO/Lb0w1OF80dJv+lDVpXG60WMQvkcxAkNybKsrEIE3ZtKGmPrA=="
    }
  }
}
